
Microsoft Visual Studio Solution File, Format Version 12.00
# Visual Studio 15
Project("{FAE04EC0-301F-11D3-BF4B-00C04F79EFBC}") = "loselose", "loselose.csproj", "{F1AD42CB-147A-3766-E31D-F298A8D5A71A}"
EndProject
Project("{FAE04EC0-301F-11D3-BF4B-00C04F79EFBC}") = "loselose.Editor", "loselose.Editor.csproj", "{2EAF49FF-A18C-C5EA-D4E8-915C17271A25}"
EndProject
Global
	GlobalSection(SolutionConfigurationPlatforms) = preSolution
		Debug|Any CPU = Debug|Any CPU
		Release|Any CPU = Release|Any CPU
	EndGlobalSection
	GlobalSection(ProjectConfigurationPlatforms) = postSolution
		{F1AD42CB-147A-3766-E31D-F298A8D5A71A}.Debug|Any CPU.ActiveCfg = Debug|Any CPU
		{F1AD42CB-147A-3766-E31D-F298A8D5A71A}.Debug|Any CPU.Build.0 = Debug|Any CPU
		{F1AD42CB-147A-3766-E31D-F298A8D5A71A}.Release|Any CPU.ActiveCfg = Release|Any CPU
		{F1AD42CB-147A-3766-E31D-F298A8D5A71A}.Release|Any CPU.Build.0 = Release|Any CPU
		{2EAF49FF-A18C-C5EA-D4E8-915C17271A25}.Debug|Any CPU.ActiveCfg = Debug|Any CPU
		{2EAF49FF-A18C-C5EA-D4E8-915C17271A25}.Debug|Any CPU.Build.0 = Debug|Any CPU
		{2EAF49FF-A18C-C5EA-D4E8-915C17271A25}.Release|Any CPU.ActiveCfg = Release|Any CPU
		{2EAF49FF-A18C-C5EA-D4E8-915C17271A25}.Release|Any CPU.Build.0 = Release|Any CPU
	EndGlobalSection
	GlobalSection(SolutionProperties) = preSolution
		HideSolutionNode = FALSE
	EndGlobalSection
EndGlobal
